// !$*UTF8*$!
{
	archiveVersion = 1;
	classes = {
	};
	objectVersion = 56;
	objects = {

/* Begin PBXBuildFile section */
		DC6599CE2BC114AD005B6A93 /* WelcomeViewController_DelegatePattern.swift in Sources */ = {isa = PBXBuildFile; fileRef = DC6599CD2BC114AD005B6A93 /* WelcomeViewController_DelegatePattern.swift */; };
		DC6599D02BC114D2005B6A93 /* LoginViewController_DelegatePattern.swift in Sources */ = {isa = PBXBuildFile; fileRef = DC6599CF2BC114D2005B6A93 /* LoginViewController_DelegatePattern.swift */; };
		DC6599D22BC11B62005B6A93 /* LoginViewController_Closure.swift in Sources */ = {isa = PBXBuildFile; fileRef = DC6599D12BC11B62005B6A93 /* LoginViewController_Closure.swift */; };
		DC6599D42BC11B6F005B6A93 /* WelcomeViewController_Closure.swift in Sources */ = {isa = PBXBuildFile; fileRef = DC6599D32BC11B6F005B6A93 /* WelcomeViewController_Closure.swift */; };
		DC6599D72BC12786005B6A93 /* SnapKit in Frameworks */ = {isa = PBXBuildFile; productRef = DC6599D62BC12786005B6A93 /* SnapKit */; };
		DC6599D92BC12786005B6A93 /* SnapKit-Dynamic in Frameworks */ = {isa = PBXBuildFile; productRef = DC6599D82BC12786005B6A93 /* SnapKit-Dynamic */; };
		DC6599DB2BC131C9005B6A93 /* ScrollViewController.swift in Sources */ = {isa = PBXBuildFile; fileRef = DC6599DA2BC131C9005B6A93 /* ScrollViewController.swift */; };
		DC7138F62BB7D7BD0057896A /* AppDelegate.swift in Sources */ = {isa = PBXBuildFile; fileRef = DC7138F52BB7D7BD0057896A /* AppDelegate.swift */; };
		DC7138F82BB7D7BD0057896A /* SceneDelegate.swift in Sources */ = {isa = PBXBuildFile; fileRef = DC7138F72BB7D7BD0057896A /* SceneDelegate.swift */; };
		DC7138FF2BB7D7BF0057896A /* Assets.xcassets in Resources */ = {isa = PBXBuildFile; fileRef = DC7138FE2BB7D7BF0057896A /* Assets.xcassets */; };
		DC7139022BB7D7BF0057896A /* Base in Resources */ = {isa = PBXBuildFile; fileRef = DC7139012BB7D7BF0057896A /* Base */; };
		DC71390A2BB7E4AE0057896A /* LoginViewController.swift in Sources */ = {isa = PBXBuildFile; fileRef = DC7139092BB7E4AE0057896A /* LoginViewController.swift */; };
		DC71390C2BB7E8D50057896A /* WelcomeViewController.swift in Sources */ = {isa = PBXBuildFile; fileRef = DC71390B2BB7E8D50057896A /* WelcomeViewController.swift */; };
		DC796AAF2BD393510062EC2B /* ChatViewController.swift in Sources */ = {isa = PBXBuildFile; fileRef = DC796AAE2BD393510062EC2B /* ChatViewController.swift */; };
		DC796AB12BD393680062EC2B /* ChatTableViewCell.swift in Sources */ = {isa = PBXBuildFile; fileRef = DC796AB02BD393680062EC2B /* ChatTableViewCell.swift */; };
		DC796AB32BD39D2D0062EC2B /* ChatModel.swift in Sources */ = {isa = PBXBuildFile; fileRef = DC796AB22BD39D2D0062EC2B /* ChatModel.swift */; };
		DC796AB82BD3A6B20062EC2B /* ItemViewController.swift in Sources */ = {isa = PBXBuildFile; fileRef = DC796AB72BD3A6B20062EC2B /* ItemViewController.swift */; };
		DC796ABA2BD3A6C50062EC2B /* ItemCollectionViewCell.swift in Sources */ = {isa = PBXBuildFile; fileRef = DC796AB92BD3A6C50062EC2B /* ItemCollectionViewCell.swift */; };
		DC796ABE2BD3A6D70062EC2B /* ItemModel.swift in Sources */ = {isa = PBXBuildFile; fileRef = DC796ABD2BD3A6D70062EC2B /* ItemModel.swift */; };
		DC940B962BBAD242008E1B8E /* Pretendard-SemiBold.otf in Resources */ = {isa = PBXBuildFile; fileRef = DC940B952BBAD242008E1B8E /* Pretendard-SemiBold.otf */; };
		DC940B992BBAD6A2008E1B8E /* UIColor+.swift in Sources */ = {isa = PBXBuildFile; fileRef = DC940B982BBAD6A2008E1B8E /* UIColor+.swift */; };
		DCD8EB932BDCC8A800CD49FD /* Moya in Frameworks */ = {isa = PBXBuildFile; productRef = DCD8EB922BDCC8A800CD49FD /* Moya */; };
		DCD8EB952BDCCB8900CD49FD /* Config.swift in Sources */ = {isa = PBXBuildFile; fileRef = DCD8EB942BDCCB8900CD49FD /* Config.swift */; };
		DCD8EB992BDCCEC300CD49FD /* NetworkResult.swift in Sources */ = {isa = PBXBuildFile; fileRef = DCD8EB982BDCCEC300CD49FD /* NetworkResult.swift */; };
		DCD8EB9B2BDCCED900CD49FD /* MoyaLoggingPlugin.swift in Sources */ = {isa = PBXBuildFile; fileRef = DCD8EB9A2BDCCED900CD49FD /* MoyaLoggingPlugin.swift */; };
		DCD8EB9F2BDCCF2300CD49FD /* SignUpRequestModel.swift in Sources */ = {isa = PBXBuildFile; fileRef = DCD8EB9E2BDCCF2300CD49FD /* SignUpRequestModel.swift */; };
		DCD8EBA12BDCCF3900CD49FD /* SignUpResponseModel.swift in Sources */ = {isa = PBXBuildFile; fileRef = DCD8EBA02BDCCF3900CD49FD /* SignUpResponseModel.swift */; };
		DCD8EBA32BDCCF5000CD49FD /* SignUpViewController.swift in Sources */ = {isa = PBXBuildFile; fileRef = DCD8EBA22BDCCF5000CD49FD /* SignUpViewController.swift */; };
		DCD8EBA52BDCCF6000CD49FD /* UserTargetType.swift in Sources */ = {isa = PBXBuildFile; fileRef = DCD8EBA42BDCCF6000CD49FD /* UserTargetType.swift */; };
		DCD8EBA72BDCCF6E00CD49FD /* UserService.swift in Sources */ = {isa = PBXBuildFile; fileRef = DCD8EBA62BDCCF6E00CD49FD /* UserService.swift */; };
		DCD8EBAA2BDCCF9400CD49FD /* CheckUserInfoViewController.swift in Sources */ = {isa = PBXBuildFile; fileRef = DCD8EBA92BDCCF9400CD49FD /* CheckUserInfoViewController.swift */; };
		DCD8EBAC2BDCCFA700CD49FD /* UserInfoResponseModel.swift in Sources */ = {isa = PBXBuildFile; fileRef = DCD8EBAB2BDCCFA700CD49FD /* UserInfoResponseModel.swift */; };
		DCD8EBB22BDCD34D00CD49FD /* Then in Frameworks */ = {isa = PBXBuildFile; productRef = DCD8EBB12BDCD34D00CD49FD /* Then */; };
/* End PBXBuildFile section */

/* Begin PBXFileReference section */
		DC6599CD2BC114AD005B6A93 /* WelcomeViewController_DelegatePattern.swift */ = {isa = PBXFileReference; lastKnownFileType = sourcecode.swift; path = WelcomeViewController_DelegatePattern.swift; sourceTree = "<group>"; };
		DC6599CF2BC114D2005B6A93 /* LoginViewController_DelegatePattern.swift */ = {isa = PBXFileReference; lastKnownFileType = sourcecode.swift; path = LoginViewController_DelegatePattern.swift; sourceTree = "<group>"; };
		DC6599D12BC11B62005B6A93 /* LoginViewController_Closure.swift */ = {isa = PBXFileReference; lastKnownFileType = sourcecode.swift; path = LoginViewController_Closure.swift; sourceTree = "<group>"; };
		DC6599D32BC11B6F005B6A93 /* WelcomeViewController_Closure.swift */ = {isa = PBXFileReference; lastKnownFileType = sourcecode.swift; path = WelcomeViewController_Closure.swift; sourceTree = "<group>"; };
		DC6599DA2BC131C9005B6A93 /* ScrollViewController.swift */ = {isa = PBXFileReference; lastKnownFileType = sourcecode.swift; path = ScrollViewController.swift; sourceTree = "<group>"; };
		DC7138F22BB7D7BD0057896A /* 34th-Sopt-Seminar.app */ = {isa = PBXFileReference; explicitFileType = wrapper.application; includeInIndex = 0; path = "34th-Sopt-Seminar.app"; sourceTree = BUILT_PRODUCTS_DIR; };
		DC7138F52BB7D7BD0057896A /* AppDelegate.swift */ = {isa = PBXFileReference; lastKnownFileType = sourcecode.swift; path = AppDelegate.swift; sourceTree = "<group>"; };
		DC7138F72BB7D7BD0057896A /* SceneDelegate.swift */ = {isa = PBXFileReference; lastKnownFileType = sourcecode.swift; path = SceneDelegate.swift; sourceTree = "<group>"; };
		DC7138FE2BB7D7BF0057896A /* Assets.xcassets */ = {isa = PBXFileReference; lastKnownFileType = folder.assetcatalog; path = Assets.xcassets; sourceTree = "<group>"; };
		DC7139012BB7D7BF0057896A /* Base */ = {isa = PBXFileReference; lastKnownFileType = file.storyboard; name = Base; path = Base.lproj/LaunchScreen.storyboard; sourceTree = "<group>"; };
		DC7139032BB7D7BF0057896A /* Info.plist */ = {isa = PBXFileReference; lastKnownFileType = text.plist.xml; path = Info.plist; sourceTree = "<group>"; };
		DC7139092BB7E4AE0057896A /* LoginViewController.swift */ = {isa = PBXFileReference; lastKnownFileType = sourcecode.swift; path = LoginViewController.swift; sourceTree = "<group>"; };
		DC71390B2BB7E8D50057896A /* WelcomeViewController.swift */ = {isa = PBXFileReference; lastKnownFileType = sourcecode.swift; path = WelcomeViewController.swift; sourceTree = "<group>"; };
		DC796AAE2BD393510062EC2B /* ChatViewController.swift */ = {isa = PBXFileReference; lastKnownFileType = sourcecode.swift; path = ChatViewController.swift; sourceTree = "<group>"; };
		DC796AB02BD393680062EC2B /* ChatTableViewCell.swift */ = {isa = PBXFileReference; lastKnownFileType = sourcecode.swift; path = ChatTableViewCell.swift; sourceTree = "<group>"; };
		DC796AB22BD39D2D0062EC2B /* ChatModel.swift */ = {isa = PBXFileReference; lastKnownFileType = sourcecode.swift; path = ChatModel.swift; sourceTree = "<group>"; };
		DC796AB72BD3A6B20062EC2B /* ItemViewController.swift */ = {isa = PBXFileReference; lastKnownFileType = sourcecode.swift; path = ItemViewController.swift; sourceTree = "<group>"; };
		DC796AB92BD3A6C50062EC2B /* ItemCollectionViewCell.swift */ = {isa = PBXFileReference; lastKnownFileType = sourcecode.swift; path = ItemCollectionViewCell.swift; sourceTree = "<group>"; };
		DC796ABD2BD3A6D70062EC2B /* ItemModel.swift */ = {isa = PBXFileReference; lastKnownFileType = sourcecode.swift; path = ItemModel.swift; sourceTree = "<group>"; };
		DC940B952BBAD242008E1B8E /* Pretendard-SemiBold.otf */ = {isa = PBXFileReference; lastKnownFileType = file; path = "Pretendard-SemiBold.otf"; sourceTree = "<group>"; };
		DC940B982BBAD6A2008E1B8E /* UIColor+.swift */ = {isa = PBXFileReference; lastKnownFileType = sourcecode.swift; path = "UIColor+.swift"; sourceTree = "<group>"; };
		DCD8EB942BDCCB8900CD49FD /* Config.swift */ = {isa = PBXFileReference; lastKnownFileType = sourcecode.swift; path = Config.swift; sourceTree = "<group>"; };
		DCD8EB982BDCCEC300CD49FD /* NetworkResult.swift */ = {isa = PBXFileReference; lastKnownFileType = sourcecode.swift; path = NetworkResult.swift; sourceTree = "<group>"; };
		DCD8EB9A2BDCCED900CD49FD /* MoyaLoggingPlugin.swift */ = {isa = PBXFileReference; lastKnownFileType = sourcecode.swift; path = MoyaLoggingPlugin.swift; sourceTree = "<group>"; };
		DCD8EB9E2BDCCF2300CD49FD /* SignUpRequestModel.swift */ = {isa = PBXFileReference; lastKnownFileType = sourcecode.swift; path = SignUpRequestModel.swift; sourceTree = "<group>"; };
		DCD8EBA02BDCCF3900CD49FD /* SignUpResponseModel.swift */ = {isa = PBXFileReference; lastKnownFileType = sourcecode.swift; path = SignUpResponseModel.swift; sourceTree = "<group>"; };
		DCD8EBA22BDCCF5000CD49FD /* SignUpViewController.swift */ = {isa = PBXFileReference; lastKnownFileType = sourcecode.swift; path = SignUpViewController.swift; sourceTree = "<group>"; };
		DCD8EBA42BDCCF6000CD49FD /* UserTargetType.swift */ = {isa = PBXFileReference; lastKnownFileType = sourcecode.swift; path = UserTargetType.swift; sourceTree = "<group>"; };
		DCD8EBA62BDCCF6E00CD49FD /* UserService.swift */ = {isa = PBXFileReference; lastKnownFileType = sourcecode.swift; path = UserService.swift; sourceTree = "<group>"; };
		DCD8EBA92BDCCF9400CD49FD /* CheckUserInfoViewController.swift */ = {isa = PBXFileReference; lastKnownFileType = sourcecode.swift; path = CheckUserInfoViewController.swift; sourceTree = "<group>"; };
		DCD8EBAB2BDCCFA700CD49FD /* UserInfoResponseModel.swift */ = {isa = PBXFileReference; lastKnownFileType = sourcecode.swift; path = UserInfoResponseModel.swift; sourceTree = "<group>"; };
/* End PBXFileReference section */

/* Begin PBXFrameworksBuildPhase section */
		DC7138EF2BB7D7BD0057896A /* Frameworks */ = {
			isa = PBXFrameworksBuildPhase;
			buildActionMask = 2147483647;
			files = (
				DC6599D72BC12786005B6A93 /* SnapKit in Frameworks */,
				DC6599D92BC12786005B6A93 /* SnapKit-Dynamic in Frameworks */,
				DCD8EB932BDCC8A800CD49FD /* Moya in Frameworks */,
				DCD8EBB22BDCD34D00CD49FD /* Then in Frameworks */,
			);
			runOnlyForDeploymentPostprocessing = 0;
		};
/* End PBXFrameworksBuildPhase section */

/* Begin PBXGroup section */
		DC6599CC2BC1148E005B6A93 /* W2 */ = {
			isa = PBXGroup;
			children = (
				DC6599CF2BC114D2005B6A93 /* LoginViewController_DelegatePattern.swift */,
				DC6599CD2BC114AD005B6A93 /* WelcomeViewController_DelegatePattern.swift */,
				DC6599D12BC11B62005B6A93 /* LoginViewController_Closure.swift */,
				DC6599D32BC11B6F005B6A93 /* WelcomeViewController_Closure.swift */,
				DC6599DA2BC131C9005B6A93 /* ScrollViewController.swift */,
			);
			path = W2;
			sourceTree = "<group>";
		};
		DC7138E92BB7D7BD0057896A = {
			isa = PBXGroup;
			children = (
				DC7138F42BB7D7BD0057896A /* 34th-Sopt-Seminar */,
				DC7138F32BB7D7BD0057896A /* Products */,
			);
			sourceTree = "<group>";
		};
		DC7138F32BB7D7BD0057896A /* Products */ = {
			isa = PBXGroup;
			children = (
				DC7138F22BB7D7BD0057896A /* 34th-Sopt-Seminar.app */,
			);
			name = Products;
			sourceTree = "<group>";
		};
		DC7138F42BB7D7BD0057896A /* 34th-Sopt-Seminar */ = {
			isa = PBXGroup;
			children = (
				DC7138F72BB7D7BD0057896A /* SceneDelegate.swift */,
				DC7138F52BB7D7BD0057896A /* AppDelegate.swift */,
				DC7139092BB7E4AE0057896A /* LoginViewController.swift */,
				DCD8EB972BDCCE5400CD49FD /* Resource */,
				DCD8EBAF2BDCD02D00CD49FD /* W1 */,
				DC6599CC2BC1148E005B6A93 /* W2 */,
				DC796AAD2BD393270062EC2B /* W3 */,
				DCD8EB962BDCCDFB00CD49FD /* W4 */,
				DC7139032BB7D7BF0057896A /* Info.plist */,
			);
			path = "34th-Sopt-Seminar";
			sourceTree = "<group>";
		};
		DC796AAD2BD393270062EC2B /* W3 */ = {
			isa = PBXGroup;
			children = (
				DC796AB52BD3A4840062EC2B /* Chat */,
				DC796AB62BD3A48C0062EC2B /* Item */,
			);
			path = W3;
			sourceTree = "<group>";
		};
		DC796AB52BD3A4840062EC2B /* Chat */ = {
			isa = PBXGroup;
			children = (
				DC796AB22BD39D2D0062EC2B /* ChatModel.swift */,
				DC796AAE2BD393510062EC2B /* ChatViewController.swift */,
				DC796AB02BD393680062EC2B /* ChatTableViewCell.swift */,
			);
			path = Chat;
			sourceTree = "<group>";
		};
		DC796AB62BD3A48C0062EC2B /* Item */ = {
			isa = PBXGroup;
			children = (
				DC796ABD2BD3A6D70062EC2B /* ItemModel.swift */,
				DC796AB72BD3A6B20062EC2B /* ItemViewController.swift */,
				DC796AB92BD3A6C50062EC2B /* ItemCollectionViewCell.swift */,
			);
			path = Item;
			sourceTree = "<group>";
		};
		DC940B942BBAD21C008E1B8E /* Font */ = {
			isa = PBXGroup;
			children = (
				DC940B952BBAD242008E1B8E /* Pretendard-SemiBold.otf */,
			);
			path = Font;
			sourceTree = "<group>";
		};
		DC940B972BBAD68D008E1B8E /* Extension */ = {
			isa = PBXGroup;
			children = (
				DC940B982BBAD6A2008E1B8E /* UIColor+.swift */,
			);
			path = Extension;
			sourceTree = "<group>";
		};
		DCD8EB962BDCCDFB00CD49FD /* W4 */ = {
			isa = PBXGroup;
			children = (
				DCD8EB9C2BDCCEF500CD49FD /* Network */,
			);
			path = W4;
			sourceTree = "<group>";
		};
		DCD8EB972BDCCE5400CD49FD /* Resource */ = {
			isa = PBXGroup;
			children = (
				DC7139002BB7D7BF0057896A /* LaunchScreen.storyboard */,
				DC7138FE2BB7D7BF0057896A /* Assets.xcassets */,
				DC940B972BBAD68D008E1B8E /* Extension */,
				DC940B942BBAD21C008E1B8E /* Font */,
			);
			path = Resource;
			sourceTree = "<group>";
		};
		DCD8EB9C2BDCCEF500CD49FD /* Network */ = {
			isa = PBXGroup;
			children = (
				DCD8EB942BDCCB8900CD49FD /* Config.swift */,
				DCD8EB982BDCCEC300CD49FD /* NetworkResult.swift */,
				DCD8EB9A2BDCCED900CD49FD /* MoyaLoggingPlugin.swift */,
				DCD8EBB32BDCDA3900CD49FD /* User */,
			);
			path = Network;
			sourceTree = "<group>";
		};
		DCD8EBA82BDCCF8500CD49FD /* UserInfo */ = {
			isa = PBXGroup;
			children = (
				DCD8EBAB2BDCCFA700CD49FD /* UserInfoResponseModel.swift */,
				DCD8EBA92BDCCF9400CD49FD /* CheckUserInfoViewController.swift */,
			);
			path = UserInfo;
			sourceTree = "<group>";
		};
		DCD8EBAD2BDCCFBC00CD49FD /* SignUp */ = {
			isa = PBXGroup;
			children = (
				DCD8EB9E2BDCCF2300CD49FD /* SignUpRequestModel.swift */,
				DCD8EBA02BDCCF3900CD49FD /* SignUpResponseModel.swift */,
				DCD8EBA22BDCCF5000CD49FD /* SignUpViewController.swift */,
			);
			path = SignUp;
			sourceTree = "<group>";
		};
		DCD8EBAF2BDCD02D00CD49FD /* W1 */ = {
			isa = PBXGroup;
			children = (
				DC71390B2BB7E8D50057896A /* WelcomeViewController.swift */,
			);
			path = W1;
			sourceTree = "<group>";
		};
		DCD8EBB32BDCDA3900CD49FD /* User */ = {
			isa = PBXGroup;
			children = (
				DCD8EBAD2BDCCFBC00CD49FD /* SignUp */,
				DCD8EBA82BDCCF8500CD49FD /* UserInfo */,
				DCD8EBA42BDCCF6000CD49FD /* UserTargetType.swift */,
				DCD8EBA62BDCCF6E00CD49FD /* UserService.swift */,
			);
			path = User;
			sourceTree = "<group>";
		};
/* End PBXGroup section */

/* Begin PBXNativeTarget section */
		DC7138F12BB7D7BD0057896A /* 34th-Sopt-Seminar */ = {
			isa = PBXNativeTarget;
			buildConfigurationList = DC7139062BB7D7BF0057896A /* Build configuration list for PBXNativeTarget "34th-Sopt-Seminar" */;
			buildPhases = (
				DC7138EE2BB7D7BD0057896A /* Sources */,
				DC7138EF2BB7D7BD0057896A /* Frameworks */,
				DC7138F02BB7D7BD0057896A /* Resources */,
			);
			buildRules = (
			);
			dependencies = (
			);
			name = "34th-Sopt-Seminar";
			packageProductDependencies = (
				DC6599D62BC12786005B6A93 /* SnapKit */,
				DC6599D82BC12786005B6A93 /* SnapKit-Dynamic */,
				DCD8EB922BDCC8A800CD49FD /* Moya */,
				DCD8EBB12BDCD34D00CD49FD /* Then */,
			);
			productName = "34th-Sopt-Seminar";
			productReference = DC7138F22BB7D7BD0057896A /* 34th-Sopt-Seminar.app */;
			productType = "com.apple.product-type.application";
		};
/* End PBXNativeTarget section */

/* Begin PBXProject section */
		DC7138EA2BB7D7BD0057896A /* Project object */ = {
			isa = PBXProject;
			attributes = {
				BuildIndependentTargetsInParallel = 1;
				LastSwiftUpdateCheck = 1530;
				LastUpgradeCheck = 1530;
				TargetAttributes = {
					DC7138F12BB7D7BD0057896A = {
						CreatedOnToolsVersion = 15.3;
					};
				};
			};
			buildConfigurationList = DC7138ED2BB7D7BD0057896A /* Build configuration list for PBXProject "34th-Sopt-Seminar11" */;
			compatibilityVersion = "Xcode 14.0";
			developmentRegion = en;
			hasScannedForEncodings = 0;
			knownRegions = (
				en,
				Base,
			);
			mainGroup = DC7138E92BB7D7BD0057896A;
			packageReferences = (
				DC6599D52BC12786005B6A93 /* XCRemoteSwiftPackageReference "Snapkit" */,
				DCD8EB912BDCC8A800CD49FD /* XCRemoteSwiftPackageReference "Moya" */,
				DCD8EBB02BDCD34D00CD49FD /* XCRemoteSwiftPackageReference "Then" */,
			);
			productRefGroup = DC7138F32BB7D7BD0057896A /* Products */;
			projectDirPath = "";
			projectRoot = "";
			targets = (
				DC7138F12BB7D7BD0057896A /* 34th-Sopt-Seminar */,
			);
		};
/* End PBXProject section */

/* Begin PBXResourcesBuildPhase section */
		DC7138F02BB7D7BD0057896A /* Resources */ = {
			isa = PBXResourcesBuildPhase;
			buildActionMask = 2147483647;
			files = (
				DC7138FF2BB7D7BF0057896A /* Assets.xcassets in Resources */,
				DC7139022BB7D7BF0057896A /* Base in Resources */,
				DC940B962BBAD242008E1B8E /* Pretendard-SemiBold.otf in Resources */,
			);
			runOnlyForDeploymentPostprocessing = 0;
		};
/* End PBXResourcesBuildPhase section */

/* Begin PBXSourcesBuildPhase section */
		DC7138EE2BB7D7BD0057896A /* Sources */ = {
			isa = PBXSourcesBuildPhase;
			buildActionMask = 2147483647;
			files = (
				DCD8EBA32BDCCF5000CD49FD /* SignUpViewController.swift in Sources */,
				DCD8EBAA2BDCCF9400CD49FD /* CheckUserInfoViewController.swift in Sources */,
				DC796ABA2BD3A6C50062EC2B /* ItemCollectionViewCell.swift in Sources */,
				DC6599D22BC11B62005B6A93 /* LoginViewController_Closure.swift in Sources */,
				DC71390A2BB7E4AE0057896A /* LoginViewController.swift in Sources */,
				DCD8EB992BDCCEC300CD49FD /* NetworkResult.swift in Sources */,
				DCD8EB9B2BDCCED900CD49FD /* MoyaLoggingPlugin.swift in Sources */,
				DC796AAF2BD393510062EC2B /* ChatViewController.swift in Sources */,
				DCD8EB952BDCCB8900CD49FD /* Config.swift in Sources */,
				DC71390C2BB7E8D50057896A /* WelcomeViewController.swift in Sources */,
				DC7138F62BB7D7BD0057896A /* AppDelegate.swift in Sources */,
				DC7138F82BB7D7BD0057896A /* SceneDelegate.swift in Sources */,
				DC940B992BBAD6A2008E1B8E /* UIColor+.swift in Sources */,
				DC796AB82BD3A6B20062EC2B /* ItemViewController.swift in Sources */,
				DC6599D02BC114D2005B6A93 /* LoginViewController_DelegatePattern.swift in Sources */,
				DC796ABE2BD3A6D70062EC2B /* ItemModel.swift in Sources */,
				DC6599DB2BC131C9005B6A93 /* ScrollViewController.swift in Sources */,
				DCD8EBA52BDCCF6000CD49FD /* UserTargetType.swift in Sources */,
				DC796AB12BD393680062EC2B /* ChatTableViewCell.swift in Sources */,
				DC6599D42BC11B6F005B6A93 /* WelcomeViewController_Closure.swift in Sources */,
				DC796AB32BD39D2D0062EC2B /* ChatModel.swift in Sources */,
				DCD8EBAC2BDCCFA700CD49FD /* UserInfoResponseModel.swift in Sources */,
				DCD8EBA72BDCCF6E00CD49FD /* UserService.swift in Sources */,
				DCD8EBA12BDCCF3900CD49FD /* SignUpResponseModel.swift in Sources */,
				DC6599CE2BC114AD005B6A93 /* WelcomeViewController_DelegatePattern.swift in Sources */,
				DCD8EB9F2BDCCF2300CD49FD /* SignUpRequestModel.swift in Sources */,
			);
			runOnlyForDeploymentPostprocessing = 0;
		};
/* End PBXSourcesBuildPhase section */

/* Begin PBXVariantGroup section */
		DC7139002BB7D7BF0057896A /* LaunchScreen.storyboard */ = {
			isa = PBXVariantGroup;
			children = (
				DC7139012BB7D7BF0057896A /* Base */,
			);
			name = LaunchScreen.storyboard;
			sourceTree = "<group>";
		};
/* End PBXVariantGroup section */

/* Begin XCBuildConfiguration section */
		DC7139042BB7D7BF0057896A /* Debug */ = {
			isa = XCBuildConfiguration;
			buildSettings = {
				ALWAYS_SEARCH_USER_PATHS = NO;
				ASSETCATALOG_COMPILER_GENERATE_SWIFT_ASSET_SYMBOL_EXTENSIONS = YES;
				CLANG_ANALYZER_NONNULL = YES;
				CLANG_ANALYZER_NUMBER_OBJECT_CONVERSION = YES_AGGRESSIVE;
				CLANG_CXX_LANGUAGE_STANDARD = "gnu++20";
				CLANG_ENABLE_MODULES = YES;
				CLANG_ENABLE_OBJC_ARC = YES;
				CLANG_ENABLE_OBJC_WEAK = YES;
				CLANG_WARN_BLOCK_CAPTURE_AUTORELEASING = YES;
				CLANG_WARN_BOOL_CONVERSION = YES;
				CLANG_WARN_COMMA = YES;
				CLANG_WARN_CONSTANT_CONVERSION = YES;
				CLANG_WARN_DEPRECATED_OBJC_IMPLEMENTATIONS = YES;
				CLANG_WARN_DIRECT_OBJC_ISA_USAGE = YES_ERROR;
				CLANG_WARN_DOCUMENTATION_COMMENTS = YES;
				CLANG_WARN_EMPTY_BODY = YES;
				CLANG_WARN_ENUM_CONVERSION = YES;
				CLANG_WARN_INFINITE_RECURSION = YES;
				CLANG_WARN_INT_CONVERSION = YES;
				CLANG_WARN_NON_LITERAL_NULL_CONVERSION = YES;
				CLANG_WARN_OBJC_IMPLICIT_RETAIN_SELF = YES;
				CLANG_WARN_OBJC_LITERAL_CONVERSION = YES;
				CLANG_WARN_OBJC_ROOT_CLASS = YES_ERROR;
				CLANG_WARN_QUOTED_INCLUDE_IN_FRAMEWORK_HEADER = YES;
				CLANG_WARN_RANGE_LOOP_ANALYSIS = YES;
				CLANG_WARN_STRICT_PROTOTYPES = YES;
				CLANG_WARN_SUSPICIOUS_MOVE = YES;
				CLANG_WARN_UNGUARDED_AVAILABILITY = YES_AGGRESSIVE;
				CLANG_WARN_UNREACHABLE_CODE = YES;
				CLANG_WARN__DUPLICATE_METHOD_MATCH = YES;
				COPY_PHASE_STRIP = NO;
				DEBUG_INFORMATION_FORMAT = dwarf;
				ENABLE_STRICT_OBJC_MSGSEND = YES;
				ENABLE_TESTABILITY = YES;
				ENABLE_USER_SCRIPT_SANDBOXING = YES;
				GCC_C_LANGUAGE_STANDARD = gnu17;
				GCC_DYNAMIC_NO_PIC = NO;
				GCC_NO_COMMON_BLOCKS = YES;
				GCC_OPTIMIZATION_LEVEL = 0;
				GCC_PREPROCESSOR_DEFINITIONS = (
					"DEBUG=1",
					"$(inherited)",
				);
				GCC_WARN_64_TO_32_BIT_CONVERSION = YES;
				GCC_WARN_ABOUT_RETURN_TYPE = YES_ERROR;
				GCC_WARN_UNDECLARED_SELECTOR = YES;
				GCC_WARN_UNINITIALIZED_AUTOS = YES_AGGRESSIVE;
				GCC_WARN_UNUSED_FUNCTION = YES;
				GCC_WARN_UNUSED_VARIABLE = YES;
				IPHONEOS_DEPLOYMENT_TARGET = 17.4;
				LOCALIZATION_PREFERS_STRING_CATALOGS = YES;
				MTL_ENABLE_DEBUG_INFO = INCLUDE_SOURCE;
				MTL_FAST_MATH = YES;
				ONLY_ACTIVE_ARCH = YES;
				SDKROOT = iphoneos;
				SWIFT_ACTIVE_COMPILATION_CONDITIONS = "DEBUG $(inherited)";
				SWIFT_OPTIMIZATION_LEVEL = "-Onone";
			};
			name = Debug;
		};
		DC7139052BB7D7BF0057896A /* Release */ = {
			isa = XCBuildConfiguration;
			buildSettings = {
				ALWAYS_SEARCH_USER_PATHS = NO;
				ASSETCATALOG_COMPILER_GENERATE_SWIFT_ASSET_SYMBOL_EXTENSIONS = YES;
				CLANG_ANALYZER_NONNULL = YES;
				CLANG_ANALYZER_NUMBER_OBJECT_CONVERSION = YES_AGGRESSIVE;
				CLANG_CXX_LANGUAGE_STANDARD = "gnu++20";
				CLANG_ENABLE_MODULES = YES;
				CLANG_ENABLE_OBJC_ARC = YES;
				CLANG_ENABLE_OBJC_WEAK = YES;
				CLANG_WARN_BLOCK_CAPTURE_AUTORELEASING = YES;
				CLANG_WARN_BOOL_CONVERSION = YES;
				CLANG_WARN_COMMA = YES;
				CLANG_WARN_CONSTANT_CONVERSION = YES;
				CLANG_WARN_DEPRECATED_OBJC_IMPLEMENTATIONS = YES;
				CLANG_WARN_DIRECT_OBJC_ISA_USAGE = YES_ERROR;
				CLANG_WARN_DOCUMENTATION_COMMENTS = YES;
				CLANG_WARN_EMPTY_BODY = YES;
				CLANG_WARN_ENUM_CONVERSION = YES;
				CLANG_WARN_INFINITE_RECURSION = YES;
				CLANG_WARN_INT_CONVERSION = YES;
				CLANG_WARN_NON_LITERAL_NULL_CONVERSION = YES;
				CLANG_WARN_OBJC_IMPLICIT_RETAIN_SELF = YES;
				CLANG_WARN_OBJC_LITERAL_CONVERSION = YES;
				CLANG_WARN_OBJC_ROOT_CLASS = YES_ERROR;
				CLANG_WARN_QUOTED_INCLUDE_IN_FRAMEWORK_HEADER = YES;
				CLANG_WARN_RANGE_LOOP_ANALYSIS = YES;
				CLANG_WARN_STRICT_PROTOTYPES = YES;
				CLANG_WARN_SUSPICIOUS_MOVE = YES;
				CLANG_WARN_UNGUARDED_AVAILABILITY = YES_AGGRESSIVE;
				CLANG_WARN_UNREACHABLE_CODE = YES;
				CLANG_WARN__DUPLICATE_METHOD_MATCH = YES;
				COPY_PHASE_STRIP = NO;
				DEBUG_INFORMATION_FORMAT = "dwarf-with-dsym";
				ENABLE_NS_ASSERTIONS = NO;
				ENABLE_STRICT_OBJC_MSGSEND = YES;
				ENABLE_USER_SCRIPT_SANDBOXING = YES;
				GCC_C_LANGUAGE_STANDARD = gnu17;
				GCC_NO_COMMON_BLOCKS = YES;
				GCC_WARN_64_TO_32_BIT_CONVERSION = YES;
				GCC_WARN_ABOUT_RETURN_TYPE = YES_ERROR;
				GCC_WARN_UNDECLARED_SELECTOR = YES;
				GCC_WARN_UNINITIALIZED_AUTOS = YES_AGGRESSIVE;
				GCC_WARN_UNUSED_FUNCTION = YES;
				GCC_WARN_UNUSED_VARIABLE = YES;
				IPHONEOS_DEPLOYMENT_TARGET = 17.4;
				LOCALIZATION_PREFERS_STRING_CATALOGS = YES;
				MTL_ENABLE_DEBUG_INFO = NO;
				MTL_FAST_MATH = YES;
				SDKROOT = iphoneos;
				SWIFT_COMPILATION_MODE = wholemodule;
				VALIDATE_PRODUCT = YES;
			};
			name = Release;
		};
		DC7139072BB7D7BF0057896A /* Debug */ = {
			isa = XCBuildConfiguration;
			buildSettings = {
				ASSETCATALOG_COMPILER_APPICON_NAME = AppIcon;
				ASSETCATALOG_COMPILER_GLOBAL_ACCENT_COLOR_NAME = AccentColor;
				BASE_URL = "http://3.39.169.52:3000/api";
				CODE_SIGN_STYLE = Automatic;
				CURRENT_PROJECT_VERSION = 1;
				DEVELOPMENT_TEAM = Y63SPPWMGC;
				GENERATE_INFOPLIST_FILE = YES;
				INFOPLIST_FILE = "34th-Sopt-Seminar/Info.plist";
				INFOPLIST_KEY_UIApplicationSupportsIndirectInputEvents = YES;
				INFOPLIST_KEY_UILaunchStoryboardName = LaunchScreen;
				INFOPLIST_KEY_UIStatusBarStyle = "";
				INFOPLIST_KEY_UISupportedInterfaceOrientations_iPad = "UIInterfaceOrientationPortrait UIInterfaceOrientationPortraitUpsideDown UIInterfaceOrientationLandscapeLeft UIInterfaceOrientationLandscapeRight";
				INFOPLIST_KEY_UISupportedInterfaceOrientations_iPhone = "UIInterfaceOrientationPortrait UIInterfaceOrientationLandscapeLeft UIInterfaceOrientationLandscapeRight";
				LD_RUNPATH_SEARCH_PATHS = (
					"$(inherited)",
					"@executable_path/Frameworks",
				);
				MARKETING_VERSION = 1.0;
				PRODUCT_BUNDLE_IDENTIFIER = "lucy.-4th-Sopt-Seminar";
				PRODUCT_NAME = "$(TARGET_NAME)";
				SWIFT_EMIT_LOC_STRINGS = YES;
				SWIFT_VERSION = 5.0;
				TARGETED_DEVICE_FAMILY = "1,2";
			};
			name = Debug;
		};
		DC7139082BB7D7BF0057896A /* Release */ = {
			isa = XCBuildConfiguration;
			buildSettings = {
				ASSETCATALOG_COMPILER_APPICON_NAME = AppIcon;
				ASSETCATALOG_COMPILER_GLOBAL_ACCENT_COLOR_NAME = AccentColor;
				BASE_URL = "http://3.39.169.52:3000/api";
				CODE_SIGN_STYLE = Automatic;
				CURRENT_PROJECT_VERSION = 1;
				DEVELOPMENT_TEAM = Y63SPPWMGC;
				GENERATE_INFOPLIST_FILE = YES;
				INFOPLIST_FILE = "34th-Sopt-Seminar/Info.plist";
				INFOPLIST_KEY_UIApplicationSupportsIndirectInputEvents = YES;
				INFOPLIST_KEY_UILaunchStoryboardName = LaunchScreen;
				INFOPLIST_KEY_UIStatusBarStyle = "";
				INFOPLIST_KEY_UISupportedInterfaceOrientations_iPad = "UIInterfaceOrientationPortrait UIInterfaceOrientationPortraitUpsideDown UIInterfaceOrientationLandscapeLeft UIInterfaceOrientationLandscapeRight";
				INFOPLIST_KEY_UISupportedInterfaceOrientations_iPhone = "UIInterfaceOrientationPortrait UIInterfaceOrientationLandscapeLeft UIInterfaceOrientationLandscapeRight";
				LD_RUNPATH_SEARCH_PATHS = (
					"$(inherited)",
					"@executable_path/Frameworks",
				);
				MARKETING_VERSION = 1.0;
				PRODUCT_BUNDLE_IDENTIFIER = "lucy.-4th-Sopt-Seminar";
				PRODUCT_NAME = "$(TARGET_NAME)";
				SWIFT_EMIT_LOC_STRINGS = YES;
				SWIFT_VERSION = 5.0;
				TARGETED_DEVICE_FAMILY = "1,2";
			};
			name = Release;
		};
/* End XCBuildConfiguration section */

/* Begin XCConfigurationList section */
		DC7138ED2BB7D7BD0057896A /* Build configuration list for PBXProject "34th-Sopt-Seminar11" */ = {
			isa = XCConfigurationList;
			buildConfigurations = (
				DC7139042BB7D7BF0057896A /* Debug */,
				DC7139052BB7D7BF0057896A /* Release */,
			);
			defaultConfigurationIsVisible = 0;
			defaultConfigurationName = Release;
		};
		DC7139062BB7D7BF0057896A /* Build configuration list for PBXNativeTarget "34th-Sopt-Seminar" */ = {
			isa = XCConfigurationList;
			buildConfigurations = (
				DC7139072BB7D7BF0057896A /* Debug */,
				DC7139082BB7D7BF0057896A /* Release */,
			);
			defaultConfigurationIsVisible = 0;
			defaultConfigurationName = Release;
		};
/* End XCConfigurationList section */

/* Begin XCRemoteSwiftPackageReference section */
		DC6599D52BC12786005B6A93 /* XCRemoteSwiftPackageReference "Snapkit" */ = {
			isa = XCRemoteSwiftPackageReference;
			repositoryURL = "https://github.com/Snapkit/Snapkit.git";
			requirement = {
				kind = upToNextMajorVersion;
				minimumVersion = 5.7.1;
			};
		};
		DCD8EB912BDCC8A800CD49FD /* XCRemoteSwiftPackageReference "Moya" */ = {
			isa = XCRemoteSwiftPackageReference;
			repositoryURL = "https://github.com/Moya/Moya";
			requirement = {
				kind = upToNextMajorVersion;
				minimumVersion = 15.0.3;
			};
		};
		DCD8EBB02BDCD34D00CD49FD /* XCRemoteSwiftPackageReference "Then" */ = {
			isa = XCRemoteSwiftPackageReference;
			repositoryURL = "https://github.com/devxoul/Then.git";
			requirement = {
				kind = upToNextMajorVersion;
				minimumVersion = 3.0.0;
			};
		};
/* End XCRemoteSwiftPackageReference section */

/* Begin XCSwiftPackageProductDependency section */
		DC6599D62BC12786005B6A93 /* SnapKit */ = {
			isa = XCSwiftPackageProductDependency;
			package = DC6599D52BC12786005B6A93 /* XCRemoteSwiftPackageReference "Snapkit" */;
			productName = SnapKit;
		};
		DC6599D82BC12786005B6A93 /* SnapKit-Dynamic */ = {
			isa = XCSwiftPackageProductDependency;
			package = DC6599D52BC12786005B6A93 /* XCRemoteSwiftPackageReference "Snapkit" */;
			productName = "SnapKit-Dynamic";
		};
		DCD8EB922BDCC8A800CD49FD /* Moya */ = {
			isa = XCSwiftPackageProductDependency;
			package = DCD8EB912BDCC8A800CD49FD /* XCRemoteSwiftPackageReference "Moya" */;
			productName = Moya;
		};
		DCD8EBB12BDCD34D00CD49FD /* Then */ = {
			isa = XCSwiftPackageProductDependency;
			package = DCD8EBB02BDCD34D00CD49FD /* XCRemoteSwiftPackageReference "Then" */;
			productName = Then;
		};
/* End XCSwiftPackageProductDependency section */
	};
	rootObject = DC7138EA2BB7D7BD0057896A /* Project object */;
}
